
Microsoft Visual Studio Solution File, Format Version 12.00
# Visual Studio Version 16
VisualStudioVersion = 16.0.32901.82
MinimumVisualStudioVersion = 10.0.40219.1
Project("{FAE04EC0-301F-11D3-BF4B-00C04F79EFBC}") = "PresentacionPermisos", "PresentacionPermisos.csproj", "{1CABAD99-99DF-44F7-85CF-91A593549D34}"
EndProject
Global
	GlobalSection(SolutionConfigurationPlatforms) = preSolution
		Debug|Any CPU = Debug|Any CPU
		Release|Any CPU = Release|Any CPU
	EndGlobalSection
	GlobalSection(ProjectConfigurationPlatforms) = postSolution
		{1CABAD99-99DF-44F7-85CF-91A593549D34}.Debug|Any CPU.ActiveCfg = Debug|Any CPU
		{1CABAD99-99DF-44F7-85CF-91A593549D34}.Debug|Any CPU.Build.0 = Debug|Any CPU
		{1CABAD99-99DF-44F7-85CF-91A593549D34}.Release|Any CPU.ActiveCfg = Release|Any CPU
		{1CABAD99-99DF-44F7-85CF-91A593549D34}.Release|Any CPU.Build.0 = Release|Any CPU
	EndGlobalSection
	GlobalSection(SolutionProperties) = preSolution
		HideSolutionNode = FALSE
	EndGlobalSection
	GlobalSection(ExtensibilityGlobals) = postSolution
		SolutionGuid = {9BD3CF69-39EC-4916-992F-F69F0D8E5E43}
	EndGlobalSection
EndGlobal
